
Microsoft Visual Studio Solution File, Format Version 12.00
# Visual Studio 15
VisualStudioVersion = 15.0.27004.2002
MinimumVisualStudioVersion = 10.0.40219.1
Project("{FAE04EC0-301F-11D3-BF4B-00C04F79EFBC}") = "AceDrivingSchool", "AceDrivingSchool\AceDrivingSchool.csproj", "{F2C634B6-459E-44C5-B000-C25D986F6601}"
EndProject
Project("{FAE04EC0-301F-11D3-BF4B-00C04F79EFBC}") = "AceDrivingSchool.Tests", "AceDrivingSchool.Tests\AceDrivingSchool.Tests.csproj", "{D5253823-7C20-4F30-8078-15EA5CCCA548}"
EndProject
Global
	GlobalSection(SolutionConfigurationPlatforms) = preSolution
		Debug|Any CPU = Debug|Any CPU
		Release|Any CPU = Release|Any CPU
	EndGlobalSection
	GlobalSection(ProjectConfigurationPlatforms) = postSolution
		{F2C634B6-459E-44C5-B000-C25D986F6601}.Debug|Any CPU.ActiveCfg = Debug|Any CPU
		{F2C634B6-459E-44C5-B000-C25D986F6601}.Debug|Any CPU.Build.0 = Debug|Any CPU
		{F2C634B6-459E-44C5-B000-C25D986F6601}.Release|Any CPU.ActiveCfg = Release|Any CPU
		{F2C634B6-459E-44C5-B000-C25D986F6601}.Release|Any CPU.Build.0 = Release|Any CPU
		{D5253823-7C20-4F30-8078-15EA5CCCA548}.Debug|Any CPU.ActiveCfg = Debug|Any CPU
		{D5253823-7C20-4F30-8078-15EA5CCCA548}.Debug|Any CPU.Build.0 = Debug|Any CPU
		{D5253823-7C20-4F30-8078-15EA5CCCA548}.Release|Any CPU.ActiveCfg = Release|Any CPU
		{D5253823-7C20-4F30-8078-15EA5CCCA548}.Release|Any CPU.Build.0 = Release|Any CPU
	EndGlobalSection
	GlobalSection(SolutionProperties) = preSolution
		HideSolutionNode = FALSE
	EndGlobalSection
	GlobalSection(ExtensibilityGlobals) = postSolution
		SolutionGuid = {F2987558-696E-4C30-8891-01087EF1939B}
	EndGlobalSection
EndGlobal
